
Microsoft Visual Studio Solution File, Format Version 12.00
# Visual Studio Version 17
VisualStudioVersion = 17.10.34928.147
MinimumVisualStudioVersion = 10.0.40219.1
Project("{FAE04EC0-301F-11D3-BF4B-00C04F79EFBC}") = "EjercicioExcepciones_AdelaGaray", "EjercicioExcepciones_AdelaGaray\EjercicioExcepciones_AdelaGaray.csproj", "{4A3A4120-19A9-4AF0-8ECF-32CA6875B5DA}"
EndProject
Global
	GlobalSection(SolutionConfigurationPlatforms) = preSolution
		Debug|Any CPU = Debug|Any CPU
		Release|Any CPU = Release|Any CPU
	EndGlobalSection
	GlobalSection(ProjectConfigurationPlatforms) = postSolution
		{4A3A4120-19A9-4AF0-8ECF-32CA6875B5DA}.Debug|Any CPU.ActiveCfg = Debug|Any CPU
		{4A3A4120-19A9-4AF0-8ECF-32CA6875B5DA}.Debug|Any CPU.Build.0 = Debug|Any CPU
		{4A3A4120-19A9-4AF0-8ECF-32CA6875B5DA}.Release|Any CPU.ActiveCfg = Release|Any CPU
		{4A3A4120-19A9-4AF0-8ECF-32CA6875B5DA}.Release|Any CPU.Build.0 = Release|Any CPU
	EndGlobalSection
	GlobalSection(SolutionProperties) = preSolution
		HideSolutionNode = FALSE
	EndGlobalSection
	GlobalSection(ExtensibilityGlobals) = postSolution
		SolutionGuid = {178F9271-8ECE-4F40-96C0-CB06D130DA67}
	EndGlobalSection
EndGlobal
